
Microsoft Visual Studio Solution File, Format Version 12.00
# Visual Studio Version 17
VisualStudioVersion = 17.1.32228.430
MinimumVisualStudioVersion = 10.0.40219.1
Project("{9A19103F-16F7-4668-BE54-9A1E7A4F7556}") = "DocumentationApp", "StudyApp\DocumentationApp.csproj", "{9B1D0FB1-675F-4D6F-9062-D70357C4F087}"
EndProject
Global
	GlobalSection(SolutionConfigurationPlatforms) = preSolution
		Debug|Any CPU = Debug|Any CPU
		Release|Any CPU = Release|Any CPU
	EndGlobalSection
	GlobalSection(ProjectConfigurationPlatforms) = postSolution
		{9B1D0FB1-675F-4D6F-9062-D70357C4F087}.Debug|Any CPU.ActiveCfg = Debug|Any CPU
		{9B1D0FB1-675F-4D6F-9062-D70357C4F087}.Debug|Any CPU.Build.0 = Debug|Any CPU
		{9B1D0FB1-675F-4D6F-9062-D70357C4F087}.Release|Any CPU.ActiveCfg = Release|Any CPU
		{9B1D0FB1-675F-4D6F-9062-D70357C4F087}.Release|Any CPU.Build.0 = Release|Any CPU
	EndGlobalSection
	GlobalSection(SolutionProperties) = preSolution
		HideSolutionNode = FALSE
	EndGlobalSection
	GlobalSection(ExtensibilityGlobals) = postSolution
		SolutionGuid = {697F3BB9-09A1-4264-82E2-92D33FDE0D44}
	EndGlobalSection
EndGlobal
